
Microsoft Visual Studio Solution File, Format Version 12.00
# Visual Studio Version 17
VisualStudioVersion = 17.13.35931.197 d17.13
MinimumVisualStudioVersion = 10.0.40219.1
Project("{FAE04EC0-301F-11D3-BF4B-00C04F79EFBC}") = "BubbleSortHomework", "BubbleSortHomework\BubbleSortHomework.csproj", "{BA06E49F-8A89-4C53-985B-44722E83B58A}"
EndProject
Project("{FAE04EC0-301F-11D3-BF4B-00C04F79EFBC}") = "EX2", "EX2\EX2.csproj", "{D253CD47-8DF6-4194-B6BD-3A44A5FBD6E2}"
EndProject
Project("{FAE04EC0-301F-11D3-BF4B-00C04F79EFBC}") = "EX3", "EX3\EX3.csproj", "{C17289AE-2D31-45C1-B909-D61238EFBADF}"
EndProject
Project("{FAE04EC0-301F-11D3-BF4B-00C04F79EFBC}") = "EX4", "EX4\EX4.csproj", "{8B4CE72A-81DA-4B62-AE7A-E3BBF0681A48}"
EndProject
Project("{FAE04EC0-301F-11D3-BF4B-00C04F79EFBC}") = "EX5", "EX5\EX5.csproj", "{8913E319-55AF-4FB2-9041-BBB838CFB55E}"
EndProject
Global
	GlobalSection(SolutionConfigurationPlatforms) = preSolution
		Debug|Any CPU = Debug|Any CPU
		Release|Any CPU = Release|Any CPU
	EndGlobalSection
	GlobalSection(ProjectConfigurationPlatforms) = postSolution
		{BA06E49F-8A89-4C53-985B-44722E83B58A}.Debug|Any CPU.ActiveCfg = Debug|Any CPU
		{BA06E49F-8A89-4C53-985B-44722E83B58A}.Debug|Any CPU.Build.0 = Debug|Any CPU
		{BA06E49F-8A89-4C53-985B-44722E83B58A}.Release|Any CPU.ActiveCfg = Release|Any CPU
		{BA06E49F-8A89-4C53-985B-44722E83B58A}.Release|Any CPU.Build.0 = Release|Any CPU
		{D253CD47-8DF6-4194-B6BD-3A44A5FBD6E2}.Debug|Any CPU.ActiveCfg = Debug|Any CPU
		{D253CD47-8DF6-4194-B6BD-3A44A5FBD6E2}.Debug|Any CPU.Build.0 = Debug|Any CPU
		{D253CD47-8DF6-4194-B6BD-3A44A5FBD6E2}.Release|Any CPU.ActiveCfg = Release|Any CPU
		{D253CD47-8DF6-4194-B6BD-3A44A5FBD6E2}.Release|Any CPU.Build.0 = Release|Any CPU
		{C17289AE-2D31-45C1-B909-D61238EFBADF}.Debug|Any CPU.ActiveCfg = Debug|Any CPU
		{C17289AE-2D31-45C1-B909-D61238EFBADF}.Debug|Any CPU.Build.0 = Debug|Any CPU
		{C17289AE-2D31-45C1-B909-D61238EFBADF}.Release|Any CPU.ActiveCfg = Release|Any CPU
		{C17289AE-2D31-45C1-B909-D61238EFBADF}.Release|Any CPU.Build.0 = Release|Any CPU
		{8B4CE72A-81DA-4B62-AE7A-E3BBF0681A48}.Debug|Any CPU.ActiveCfg = Debug|Any CPU
		{8B4CE72A-81DA-4B62-AE7A-E3BBF0681A48}.Debug|Any CPU.Build.0 = Debug|Any CPU
		{8B4CE72A-81DA-4B62-AE7A-E3BBF0681A48}.Release|Any CPU.ActiveCfg = Release|Any CPU
		{8B4CE72A-81DA-4B62-AE7A-E3BBF0681A48}.Release|Any CPU.Build.0 = Release|Any CPU
		{8913E319-55AF-4FB2-9041-BBB838CFB55E}.Debug|Any CPU.ActiveCfg = Debug|Any CPU
		{8913E319-55AF-4FB2-9041-BBB838CFB55E}.Debug|Any CPU.Build.0 = Debug|Any CPU
		{8913E319-55AF-4FB2-9041-BBB838CFB55E}.Release|Any CPU.ActiveCfg = Release|Any CPU
		{8913E319-55AF-4FB2-9041-BBB838CFB55E}.Release|Any CPU.Build.0 = Release|Any CPU
	EndGlobalSection
	GlobalSection(SolutionProperties) = preSolution
		HideSolutionNode = FALSE
	EndGlobalSection
	GlobalSection(ExtensibilityGlobals) = postSolution
		SolutionGuid = {74E1D5BA-F919-44E1-A2D4-77C8AAC0C35A}
	EndGlobalSection
EndGlobal
